PODS:
  - ELNTextFieldFormattingKit (0.0.1):
    - ELNUtils (~> 0.3.0)
  - ELNUtils (0.3.1)

DEPENDENCIES:
  - ELNTextFieldFormattingKit (from `../`)

EXTERNAL SOURCES:
  ELNTextFieldFormattingKit:
    :path: ../

SPEC CHECKSUMS:
  ELNTextFieldFormattingKit: 5b298f6a42a8e0db622c91c1e57eececeef85926
  ELNUtils: dcceef17e3d6242f8b682e7626d92746146408a1

COCOAPODS: 0.39.0
