PODS:
  - ELNTextFieldFormattingKit (0.0.3):
    - ELNUtils (~> 0.3.0)
  - ELNUtils (0.3.2)

DEPENDENCIES:
  - ELNTextFieldFormattingKit (from `../`)

EXTERNAL SOURCES:
  ELNTextFieldFormattingKit:
    :path: ../

SPEC CHECKSUMS:
  ELNTextFieldFormattingKit: e4f5f9744b7bea054b67da5f60a876bb7e97a74b
  ELNUtils: 950eb73599adda562bb85e4dbbe042d6dfab15b5

COCOAPODS: 0.39.0
